
Microsoft Visual Studio Solution File, Format Version 12.00
Project("{FAE04EC0-301F-11D3-BF4B-00C04F79EFBC}") = "Boom3D_Patcher", "Boom3D_Patcher\Boom3D_Patcher.csproj", "{F2D8D93C-DCD8-43D4-8CCA-520C10006E8C}"
EndProject
Project("{FAE04EC0-301F-11D3-BF4B-00C04F79EFBC}") = "dnlib", "dnlib\src\dnlib.csproj", "{F48A6F40-1D20-42B5-B725-9F28DC26B524}"
EndProject
Global
	GlobalSection(SolutionConfigurationPlatforms) = preSolution
		Debug|Any CPU = Debug|Any CPU
		Release|Any CPU = Release|Any CPU
	EndGlobalSection
	GlobalSection(ProjectConfigurationPlatforms) = postSolution
		{F2D8D93C-DCD8-43D4-8CCA-520C10006E8C}.Debug|Any CPU.ActiveCfg = Debug|Any CPU
		{F2D8D93C-DCD8-43D4-8CCA-520C10006E8C}.Debug|Any CPU.Build.0 = Debug|Any CPU
		{F2D8D93C-DCD8-43D4-8CCA-520C10006E8C}.Release|Any CPU.ActiveCfg = Release|Any CPU
		{F2D8D93C-DCD8-43D4-8CCA-520C10006E8C}.Release|Any CPU.Build.0 = Release|Any CPU
		{F48A6F40-1D20-42B5-B725-9F28DC26B524}.Debug|Any CPU.ActiveCfg = Debug|Any CPU
		{F48A6F40-1D20-42B5-B725-9F28DC26B524}.Debug|Any CPU.Build.0 = Debug|Any CPU
		{F48A6F40-1D20-42B5-B725-9F28DC26B524}.Release|Any CPU.ActiveCfg = Release|Any CPU
		{F48A6F40-1D20-42B5-B725-9F28DC26B524}.Release|Any CPU.Build.0 = Release|Any CPU
	EndGlobalSection
EndGlobal
